Microsoft Visual Studio Solution File, Format Version 12.00
# Visual Studio 14
VisualStudioVersion = 14.0.25420.1
MinimumVisualStudioVersion = 10.0.40219.1
Project("{2150E333-8FDC-42A3-9474-1A3956D46DE8}") = "Solution Items", "Solution Items", "{F3BDD828-16AF-494D-9746-706822F12BB7}"
	ProjectSection(SolutionItems) = preProject
		..\iCodeGenerator.build = ..\iCodeGenerator.build
		..\LICENSE = ..\LICENSE
		..\README.md = ..\README.md
	EndProjectSection
EndProject
Project("{FAE04EC0-301F-11D3-BF4B-00C04F79EFBC}") = "iCodeGeneratorConsole", "iCodeGeneratorConsole\iCodeGeneratorConsole.csproj", "{864D830B-FA00-4D85-8287-49DD9FB2FE4B}"
EndProject
Project("{FAE04EC0-301F-11D3-BF4B-00C04F79EFBC}") = "UnitTests", "UnitTests\UnitTests.csproj", "{952F0DF5-E8F4-4004-BDD0-281AED41842E}"
EndProject
Project("{FAE04EC0-301F-11D3-BF4B-00C04F79EFBC}") = "GenericDataAccess", "GenericDataAccess\GenericDataAccess.csproj", "{EF3D506A-3EFF-4838-A48F-BA2302EB7054}"
EndProject
Project("{FAE04EC0-301F-11D3-BF4B-00C04F79EFBC}") = "DatabaseStructure", "DatabaseStructure\DatabaseStructure.csproj", "{02199A48-3BF0-4DD5-8EBC-ECE536928F82}"
EndProject
Project("{FAE04EC0-301F-11D3-BF4B-00C04F79EFBC}") = "DataTypeConverter", "DataTypeConverter\DataTypeConverter.csproj", "{DDA5EE20-E65B-4390-B0A1-869EE583F28A}"
EndProject
Project("{FAE04EC0-301F-11D3-BF4B-00C04F79EFBC}") = "Generator", "Generator\Generator.csproj", "{E46DC87E-56E7-4585-A864-324076C4549C}"
EndProject
Project("{FAE04EC0-301F-11D3-BF4B-00C04F79EFBC}") = "DatabaseNavigator", "DatabaseNavigator\DatabaseNavigator.csproj", "{B8DCA4DB-BA7C-4FA9-AFFE-CB8D9FE6CFFC}"
EndProject
Project("{FAE04EC0-301F-11D3-BF4B-00C04F79EFBC}") = "iCodeGeneratorGui", "iCodeGeneratorGui\iCodeGeneratorGui.csproj", "{0BA9AB83-7E8B-4E80-8A79-6F450AFD5336}"
EndProject
Project("{FAE04EC0-301F-11D3-BF4B-00C04F79EFBC}") = "Updater", "Updater\Updater.csproj", "{CF78DCA4-978C-4AD4-A087-576926D6F075}"
EndProject
Project("{FAE04EC0-301F-11D3-BF4B-00C04F79EFBC}") = "ConfigurationManager", "ConfigurationManager\ConfigurationManager.csproj", "{602DADFC-CA31-40A3-A07A-620808DD83BD}"
EndProject
Project("{2150E333-8FDC-42A3-9474-1A3956D46DE8}") = "Lib", "Lib", "{C7917F46-9FA1-4D24-8079-748B29ADF120}"
	ProjectSection(SolutionItems) = preProject
		..\lib\WeifenLuo.WinFormsUI.Docking.dll = ..\lib\WeifenLuo.WinFormsUI.Docking.dll
	EndProjectSection
EndProject
Project("{2150E333-8FDC-42A3-9474-1A3956D46DE8}") = "getopt", "getopt", "{423A980A-21E2-4BE5-AC70-0679018C5D82}"
	ProjectSection(SolutionItems) = preProject
		..\lib\getopt\getopt.dll = ..\lib\getopt\getopt.dll
		..\lib\getopt\README.txt = ..\lib\getopt\README.txt
	EndProjectSection
EndProject
Project("{2150E333-8FDC-42A3-9474-1A3956D46DE8}") = "Krypton", "Krypton", "{BD814DE6-F995-4066-8A6A-9A3A988667CA}"
	ProjectSection(SolutionItems) = preProject
		..\lib\Krypton\ComponentFactory.Krypton.Design.dll = ..\lib\Krypton\ComponentFactory.Krypton.Design.dll
		..\lib\Krypton\ComponentFactory.Krypton.Docking.dll = ..\lib\Krypton\ComponentFactory.Krypton.Docking.dll
		..\lib\Krypton\ComponentFactory.Krypton.Navigator.dll = ..\lib\Krypton\ComponentFactory.Krypton.Navigator.dll
		..\lib\Krypton\ComponentFactory.Krypton.Ribbon.dll = ..\lib\Krypton\ComponentFactory.Krypton.Ribbon.dll
		..\lib\Krypton\ComponentFactory.Krypton.Toolkit.dll = ..\lib\Krypton\ComponentFactory.Krypton.Toolkit.dll
		..\lib\Krypton\ComponentFactory.Krypton.Workspace.dll = ..\lib\Krypton\ComponentFactory.Krypton.Workspace.dll
	EndProjectSection
EndProject
Global
	GlobalSection(SolutionConfigurationPlatforms) = preSolution
		AutomatedDebug|Any CPU = AutomatedDebug|Any CPU
		Debug|Any CPU = Debug|Any CPU
		Release|Any CPU = Release|Any CPU
	EndGlobalSection
	GlobalSection(ProjectConfigurationPlatforms) = postSolution
		{864D830B-FA00-4D85-8287-49DD9FB2FE4B}.AutomatedDebug|Any CPU.ActiveCfg = AutomatedDebug|Any CPU
		{864D830B-FA00-4D85-8287-49DD9FB2FE4B}.AutomatedDebug|Any CPU.Build.0 = AutomatedDebug|Any CPU
		{864D830B-FA00-4D85-8287-49DD9FB2FE4B}.Debug|Any CPU.ActiveCfg = Debug|Any CPU
		{864D830B-FA00-4D85-8287-49DD9FB2FE4B}.Debug|Any CPU.Build.0 = Debug|Any CPU
		{864D830B-FA00-4D85-8287-49DD9FB2FE4B}.Release|Any CPU.ActiveCfg = Release|Any CPU
		{864D830B-FA00-4D85-8287-49DD9FB2FE4B}.Release|Any CPU.Build.0 = Release|Any CPU
		{952F0DF5-E8F4-4004-BDD0-281AED41842E}.AutomatedDebug|Any CPU.ActiveCfg = AutomatedDebug|Any CPU
		{952F0DF5-E8F4-4004-BDD0-281AED41842E}.AutomatedDebug|Any CPU.Build.0 = AutomatedDebug|Any CPU
		{952F0DF5-E8F4-4004-BDD0-281AED41842E}.Debug|Any CPU.ActiveCfg = Debug|Any CPU
		{952F0DF5-E8F4-4004-BDD0-281AED41842E}.Debug|Any CPU.Build.0 = Debug|Any CPU
		{952F0DF5-E8F4-4004-BDD0-281AED41842E}.Release|Any CPU.ActiveCfg = Release|Any CPU
		{952F0DF5-E8F4-4004-BDD0-281AED41842E}.Release|Any CPU.Build.0 = Release|Any CPU
		{EF3D506A-3EFF-4838-A48F-BA2302EB7054}.AutomatedDebug|Any CPU.ActiveCfg = AutomatedDebug|Any CPU
		{EF3D506A-3EFF-4838-A48F-BA2302EB7054}.AutomatedDebug|Any CPU.Build.0 = AutomatedDebug|Any CPU
		{EF3D506A-3EFF-4838-A48F-BA2302EB7054}.Debug|Any CPU.ActiveCfg = Debug|Any CPU
		{EF3D506A-3EFF-4838-A48F-BA2302EB7054}.Debug|Any CPU.Build.0 = Debug|Any CPU
		{EF3D506A-3EFF-4838-A48F-BA2302EB7054}.Release|Any CPU.ActiveCfg = Release|Any CPU
		{EF3D506A-3EFF-4838-A48F-BA2302EB7054}.Release|Any CPU.Build.0 = Release|Any CPU
		{02199A48-3BF0-4DD5-8EBC-ECE536928F82}.AutomatedDebug|Any CPU.ActiveCfg = AutomatedDebug|Any CPU
		{02199A48-3BF0-4DD5-8EBC-ECE536928F82}.AutomatedDebug|Any CPU.Build.0 = AutomatedDebug|Any CPU
		{02199A48-3BF0-4DD5-8EBC-ECE536928F82}.Debug|Any CPU.ActiveCfg = Debug|Any CPU
		{02199A48-3BF0-4DD5-8EBC-ECE536928F82}.Debug|Any CPU.Build.0 = Debug|Any CPU
		{02199A48-3BF0-4DD5-8EBC-ECE536928F82}.Release|Any CPU.ActiveCfg = Release|Any CPU
		{02199A48-3BF0-4DD5-8EBC-ECE536928F82}.Release|Any CPU.Build.0 = Release|Any CPU
		{DDA5EE20-E65B-4390-B0A1-869EE583F28A}.AutomatedDebug|Any CPU.ActiveCfg = AutomatedDebug|Any CPU
		{DDA5EE20-E65B-4390-B0A1-869EE583F28A}.AutomatedDebug|Any CPU.Build.0 = AutomatedDebug|Any CPU
		{DDA5EE20-E65B-4390-B0A1-869EE583F28A}.Debug|Any CPU.ActiveCfg = Debug|Any CPU
		{DDA5EE20-E65B-4390-B0A1-869EE583F28A}.Debug|Any CPU.Build.0 = Debug|Any CPU
		{DDA5EE20-E65B-4390-B0A1-869EE583F28A}.Release|Any CPU.ActiveCfg = Release|Any CPU
		{DDA5EE20-E65B-4390-B0A1-869EE583F28A}.Release|Any CPU.Build.0 = Release|Any CPU
		{E46DC87E-56E7-4585-A864-324076C4549C}.AutomatedDebug|Any CPU.ActiveCfg = AutomatedDebug|Any CPU
		{E46DC87E-56E7-4585-A864-324076C4549C}.AutomatedDebug|Any CPU.Build.0 = AutomatedDebug|Any CPU
		{E46DC87E-56E7-4585-A864-324076C4549C}.Debug|Any CPU.ActiveCfg = Debug|Any CPU
		{E46DC87E-56E7-4585-A864-324076C4549C}.Debug|Any CPU.Build.0 = Debug|Any CPU
		{E46DC87E-56E7-4585-A864-324076C4549C}.Release|Any CPU.ActiveCfg = Release|Any CPU
		{E46DC87E-56E7-4585-A864-324076C4549C}.Release|Any CPU.Build.0 = Release|Any CPU
		{B8DCA4DB-BA7C-4FA9-AFFE-CB8D9FE6CFFC}.AutomatedDebug|Any CPU.ActiveCfg = AutomatedDebug|Any CPU
		{B8DCA4DB-BA7C-4FA9-AFFE-CB8D9FE6CFFC}.AutomatedDebug|Any CPU.Build.0 = AutomatedDebug|Any CPU
		{B8DCA4DB-BA7C-4FA9-AFFE-CB8D9FE6CFFC}.Debug|Any CPU.ActiveCfg = Debug|Any CPU
		{B8DCA4DB-BA7C-4FA9-AFFE-CB8D9FE6CFFC}.Debug|Any CPU.Build.0 = Debug|Any CPU
		{B8DCA4DB-BA7C-4FA9-AFFE-CB8D9FE6CFFC}.Release|Any CPU.ActiveCfg = Release|Any CPU
		{B8DCA4DB-BA7C-4FA9-AFFE-CB8D9FE6CFFC}.Release|Any CPU.Build.0 = Release|Any CPU
		{0BA9AB83-7E8B-4E80-8A79-6F450AFD5336}.AutomatedDebug|Any CPU.ActiveCfg = AutomatedDebug|Any CPU
		{0BA9AB83-7E8B-4E80-8A79-6F450AFD5336}.AutomatedDebug|Any CPU.Build.0 = AutomatedDebug|Any CPU
		{0BA9AB83-7E8B-4E80-8A79-6F450AFD5336}.Debug|Any CPU.ActiveCfg = Debug|Any CPU
		{0BA9AB83-7E8B-4E80-8A79-6F450AFD5336}.Debug|Any CPU.Build.0 = Debug|Any CPU
		{0BA9AB83-7E8B-4E80-8A79-6F450AFD5336}.Release|Any CPU.ActiveCfg = Release|Any CPU
		{0BA9AB83-7E8B-4E80-8A79-6F450AFD5336}.Release|Any CPU.Build.0 = Release|Any CPU
		{CF78DCA4-978C-4AD4-A087-576926D6F075}.AutomatedDebug|Any CPU.ActiveCfg = AutomatedDebug|Any CPU
		{CF78DCA4-978C-4AD4-A087-576926D6F075}.AutomatedDebug|Any CPU.Build.0 = AutomatedDebug|Any CPU
		{CF78DCA4-978C-4AD4-A087-576926D6F075}.Debug|Any CPU.ActiveCfg = Debug|Any CPU
		{CF78DCA4-978C-4AD4-A087-576926D6F075}.Debug|Any CPU.Build.0 = Debug|Any CPU
		{CF78DCA4-978C-4AD4-A087-576926D6F075}.Release|Any CPU.ActiveCfg = Release|Any CPU
		{CF78DCA4-978C-4AD4-A087-576926D6F075}.Release|Any CPU.Build.0 = Release|Any CPU
		{602DADFC-CA31-40A3-A07A-620808DD83BD}.AutomatedDebug|Any CPU.ActiveCfg = Debug|Any CPU
		{602DADFC-CA31-40A3-A07A-620808DD83BD}.AutomatedDebug|Any CPU.Build.0 = Debug|Any CPU
		{602DADFC-CA31-40A3-A07A-620808DD83BD}.Debug|Any CPU.ActiveCfg = Debug|Any CPU
		{602DADFC-CA31-40A3-A07A-620808DD83BD}.Debug|Any CPU.Build.0 = Debug|Any CPU
		{602DADFC-CA31-40A3-A07A-620808DD83BD}.Release|Any CPU.ActiveCfg = Release|Any CPU
		{602DADFC-CA31-40A3-A07A-620808DD83BD}.Release|Any CPU.Build.0 = Release|Any CPU
	EndGlobalSection
	GlobalSection(SolutionProperties) = preSolution
		HideSolutionNode = FALSE
	EndGlobalSection
	GlobalSection(NestedProjects) = preSolution
		{C7917F46-9FA1-4D24-8079-748B29ADF120} = {F3BDD828-16AF-494D-9746-706822F12BB7}
		{423A980A-21E2-4BE5-AC70-0679018C5D82} = {C7917F46-9FA1-4D24-8079-748B29ADF120}
		{BD814DE6-F995-4066-8A6A-9A3A988667CA} = {C7917F46-9FA1-4D24-8079-748B29ADF120}
	EndGlobalSection
EndGlobal
